Microsoft Visual Studio Solution File, Format Version 12.00
Project("{2150E333-8FDC-42A3-9474-1A3956D46DE8}") = "Server", "Server", "{68AAFFEC-53E1-464A-A711-5146354B5D91}"
EndProject
Project("{FAE04EC0-301F-11D3-BF4B-00C04F79EFBC}") = "ServerEntities", "ServerEntities\ServerEntities.csproj", "{6BF6DE2E-602A-4A09-8218-2CB117610AD7}"
EndProject
Project("{FAE04EC0-301F-11D3-BF4B-00C04F79EFBC}") = "RepoContracts", "RepoContracts\RepoContracts.csproj", "{9E5ED11B-D8FB-43DA-8FB0-987BE7245EC5}"
EndProject
Project("{FAE04EC0-301F-11D3-BF4B-00C04F79EFBC}") = "MemoryImpl", "MemoryImpl\MemoryImpl.csproj", "{6176C47E-E1BF-460F-94D2-270104CD6636}"
EndProject
Project("{FAE04EC0-301F-11D3-BF4B-00C04F79EFBC}") = "CLI", "CLI\CLI.csproj", "{DA634562-DDAE-415F-BAD2-5EF23E605804}"
EndProject
Project("{FAE04EC0-301F-11D3-BF4B-00C04F79EFBC}") = "LocalImpl", "LocalImpl\LocalImpl.csproj", "{7DE9D3F8-B4C2-482F-A884-C556EEAFADCD}"
EndProject
Project("{2150E333-8FDC-42A3-9474-1A3956D46DE8}") = "Shared", "Shared", "{D866A9E6-1D83-41FC-A011-93A8AF75FFA6}"
EndProject
Project("{FAE04EC0-301F-11D3-BF4B-00C04F79EFBC}") = "DTOs", "DTOs\DTOs.csproj", "{F1D25F38-7D8E-448B-A3D4-BBCD3C792E71}"
EndProject
Project("{FAE04EC0-301F-11D3-BF4B-00C04F79EFBC}") = "WebAPI", "WebAPI\WebAPI.csproj", "{5C0A0286-21EE-4AD7-9649-C080DA4FB6F3}"
EndProject
Project("{2150E333-8FDC-42A3-9474-1A3956D46DE8}") = "Client", "Client", "{3E19FA2A-BA9D-4544-A695-27DFD386116A}"
EndProject
Project("{FAE04EC0-301F-11D3-BF4B-00C04F79EFBC}") = "BlazorWeb", "BlazorWeb\BlazorWeb.csproj", "{0B58E00B-32BC-4508-A45D-05829E72FF34}"
EndProject
Global
	GlobalSection(SolutionConfigurationPlatforms) = preSolution
		Debug|Any CPU = Debug|Any CPU
		Release|Any CPU = Release|Any CPU
	EndGlobalSection
	GlobalSection(NestedProjects) = preSolution
		{6BF6DE2E-602A-4A09-8218-2CB117610AD7} = {68AAFFEC-53E1-464A-A711-5146354B5D91}
		{9E5ED11B-D8FB-43DA-8FB0-987BE7245EC5} = {68AAFFEC-53E1-464A-A711-5146354B5D91}
		{6176C47E-E1BF-460F-94D2-270104CD6636} = {68AAFFEC-53E1-464A-A711-5146354B5D91}
		{DA634562-DDAE-415F-BAD2-5EF23E605804} = {68AAFFEC-53E1-464A-A711-5146354B5D91}
		{7DE9D3F8-B4C2-482F-A884-C556EEAFADCD} = {68AAFFEC-53E1-464A-A711-5146354B5D91}
		{F1D25F38-7D8E-448B-A3D4-BBCD3C792E71} = {D866A9E6-1D83-41FC-A011-93A8AF75FFA6}
		{5C0A0286-21EE-4AD7-9649-C080DA4FB6F3} = {68AAFFEC-53E1-464A-A711-5146354B5D91}
		{0B58E00B-32BC-4508-A45D-05829E72FF34} = {3E19FA2A-BA9D-4544-A695-27DFD386116A}
	EndGlobalSection
	GlobalSection(ProjectConfigurationPlatforms) = postSolution
		{6BF6DE2E-602A-4A09-8218-2CB117610AD7}.Debug|Any CPU.ActiveCfg = Debug|Any CPU
		{6BF6DE2E-602A-4A09-8218-2CB117610AD7}.Debug|Any CPU.Build.0 = Debug|Any CPU
		{6BF6DE2E-602A-4A09-8218-2CB117610AD7}.Release|Any CPU.ActiveCfg = Release|Any CPU
		{6BF6DE2E-602A-4A09-8218-2CB117610AD7}.Release|Any CPU.Build.0 = Release|Any CPU
		{9E5ED11B-D8FB-43DA-8FB0-987BE7245EC5}.Debug|Any CPU.ActiveCfg = Debug|Any CPU
		{9E5ED11B-D8FB-43DA-8FB0-987BE7245EC5}.Debug|Any CPU.Build.0 = Debug|Any CPU
		{9E5ED11B-D8FB-43DA-8FB0-987BE7245EC5}.Release|Any CPU.ActiveCfg = Release|Any CPU
		{9E5ED11B-D8FB-43DA-8FB0-987BE7245EC5}.Release|Any CPU.Build.0 = Release|Any CPU
		{6176C47E-E1BF-460F-94D2-270104CD6636}.Debug|Any CPU.ActiveCfg = Debug|Any CPU
		{6176C47E-E1BF-460F-94D2-270104CD6636}.Debug|Any CPU.Build.0 = Debug|Any CPU
		{6176C47E-E1BF-460F-94D2-270104CD6636}.Release|Any CPU.ActiveCfg = Release|Any CPU
		{6176C47E-E1BF-460F-94D2-270104CD6636}.Release|Any CPU.Build.0 = Release|Any CPU
		{DA634562-DDAE-415F-BAD2-5EF23E605804}.Debug|Any CPU.ActiveCfg = Debug|Any CPU
		{DA634562-DDAE-415F-BAD2-5EF23E605804}.Debug|Any CPU.Build.0 = Debug|Any CPU
		{DA634562-DDAE-415F-BAD2-5EF23E605804}.Release|Any CPU.ActiveCfg = Release|Any CPU
		{DA634562-DDAE-415F-BAD2-5EF23E605804}.Release|Any CPU.Build.0 = Release|Any CPU
		{7DE9D3F8-B4C2-482F-A884-C556EEAFADCD}.Debug|Any CPU.ActiveCfg = Debug|Any CPU
		{7DE9D3F8-B4C2-482F-A884-C556EEAFADCD}.Debug|Any CPU.Build.0 = Debug|Any CPU
		{7DE9D3F8-B4C2-482F-A884-C556EEAFADCD}.Release|Any CPU.ActiveCfg = Release|Any CPU
		{7DE9D3F8-B4C2-482F-A884-C556EEAFADCD}.Release|Any CPU.Build.0 = Release|Any CPU
		{F1D25F38-7D8E-448B-A3D4-BBCD3C792E71}.Debug|Any CPU.ActiveCfg = Debug|Any CPU
		{F1D25F38-7D8E-448B-A3D4-BBCD3C792E71}.Debug|Any CPU.Build.0 = Debug|Any CPU
		{F1D25F38-7D8E-448B-A3D4-BBCD3C792E71}.Release|Any CPU.ActiveCfg = Release|Any CPU
		{F1D25F38-7D8E-448B-A3D4-BBCD3C792E71}.Release|Any CPU.Build.0 = Release|Any CPU
		{5C0A0286-21EE-4AD7-9649-C080DA4FB6F3}.Debug|Any CPU.ActiveCfg = Debug|Any CPU
		{5C0A0286-21EE-4AD7-9649-C080DA4FB6F3}.Debug|Any CPU.Build.0 = Debug|Any CPU
		{5C0A0286-21EE-4AD7-9649-C080DA4FB6F3}.Release|Any CPU.ActiveCfg = Release|Any CPU
		{5C0A0286-21EE-4AD7-9649-C080DA4FB6F3}.Release|Any CPU.Build.0 = Release|Any CPU
		{0B58E00B-32BC-4508-A45D-05829E72FF34}.Debug|Any CPU.ActiveCfg = Debug|Any CPU
		{0B58E00B-32BC-4508-A45D-05829E72FF34}.Debug|Any CPU.Build.0 = Debug|Any CPU
		{0B58E00B-32BC-4508-A45D-05829E72FF34}.Release|Any CPU.ActiveCfg = Release|Any CPU
		{0B58E00B-32BC-4508-A45D-05829E72FF34}.Release|Any CPU.Build.0 = Release|Any CPU
	EndGlobalSection
EndGlobal
